<?xml version="1.0" encoding="utf-8"?>
<Project ToolsVersion="4.0" xmlns="http://schemas.microsoft.com/developer/msbuild/2003">
  <ItemGroup>
    <Filter Include="Source Files">
      <UniqueIdentifier>{4FC737F1-C7A5-4376-A066-2A32D752A2FF}</UniqueIdentifier>
      <Extensions>cpp;c;cc;cxx;c++;cppm;ixx;def;odl;idl;hpj;bat;asm;asmx</Extensions>
    </Filter>
    <Filter Include="Header Files">
      <UniqueIdentifier>{93995380-89BD-4b04-88EB-625FBE52EBFB}</UniqueIdentifier>
      <Extensions>h;hh;hpp;hxx;h++;hm;inl;inc;ipp;xsd</Extensions>
    </Filter>
    <Filter Include="Resource Files">
      <UniqueIdentifier>{67DA6AB6-F800-4c08-8B7A-83BB121AAD01}</UniqueIdentifier>
      <Extensions>rc;ico;cur;bmp;dlg;rc2;rct;bin;rgs;gif;jpg;jpeg;jpe;resx;tiff;tif;png;wav;mfcribbon-ms</Extensions>
    </Filter>
    <Filter Include="Source Files\Engine">
      <UniqueIdentifier>{4b41fc25-649c-485a-81ce-dc9fc937ef32}</UniqueIdentifier>
    </Filter>
    <Filter Include="Header Files\Engine">
      <UniqueIdentifier>{a82ae53e-f5e6-42cb-af04-df45a23d43d4}</UniqueIdentifier>
    </Filter>
  </ItemGroup>
  <ItemGroup>
    <ClInclude Include="..\src\main.h">
      <Filter>Header Files</Filter>
    </ClInclude>
    <ClInclude Include="..\src\resource.h">
      <Filter>Header Files</Filter>
    </ClInclude>
    <ClInclude Include="..\src\targetver.h">
      <Filter>Header Files</Filter>
    </ClInclude>
    <ClInclude Include="..\..\EngineCommonLibs\BM_Bitmap.h">
      <Filter>Header Files\Engine</Filter>
    </ClInclude>
    <ClInclude Include="..\..\EngineCommonLibs\BM_Bitmap_TGA.h">
      <Filter>Header Files\Engine</Filter>
    </ClInclude>
    <ClInclude Include="..\..\EngineCommonLibs\EN_Engine_Main.h">
      <Filter>Header Files\Engine</Filter>
    </ClInclude>
    <ClInclude Include="..\..\EngineCommonLibs\IO_In_Out.h">
      <Filter>Header Files\Engine</Filter>
    </ClInclude>
    <ClInclude Include="..\..\EngineCommonLibs\LV_Level.h">
      <Filter>Header Files\Engine</Filter>
    </ClInclude>
    <ClInclude Include="..\..\EngineCommonLibs\MA_Math.h">
      <Filter>Header Files\Engine</Filter>
    </ClInclude>
    <ClInclude Include="..\..\EngineCommonLibs\GR_Game_Render.h">
      <Filter>Header Files\Engine</Filter>
    </ClInclude>
    <ClInclude Include="..\..\EngineCommonLibs\TM_Timer.h">
      <Filter>Header Files\Engine</Filter>
    </ClInclude>
    <ClInclude Include="..\..\EngineCommonLibs\PL_Player.h">
      <Filter>Header Files\Engine</Filter>
    </ClInclude>
    <ClInclude Include="..\..\EngineCommonLibs\GR_Walls.h">
      <Filter>Header Files\Engine</Filter>
    </ClInclude>
    <ClInclude Include="..\..\EngineCommonLibs\GR_Distance_Shading.h">
      <Filter>Header Files\Engine</Filter>
    </ClInclude>
    <ClInclude Include="..\..\EngineCommonLibs\GR_Visible_Cells_List.h">
      <Filter>Header Files\Engine</Filter>
    </ClInclude>
    <ClInclude Include="..\..\EngineCommonLibs\GR_Flats.h">
      <Filter>Header Files\Engine</Filter>
    </ClInclude>
    <ClInclude Include="..\..\EngineCommonLibs\GR_Projection_Plane.h">
      <Filter>Header Files\Engine</Filter>
    </ClInclude>
  </ItemGroup>
  <ItemGroup>
    <ClCompile Include="..\src\main.cpp">
      <Filter>Source Files</Filter>
    </ClCompile>
    <ClCompile Include="..\..\EngineCommonLibs\BM_Bitmap.c">
      <Filter>Source Files\Engine</Filter>
    </ClCompile>
    <ClCompile Include="..\..\EngineCommonLibs\BM_Bitmap_TGA.c">
      <Filter>Source Files\Engine</Filter>
    </ClCompile>
    <ClCompile Include="..\..\EngineCommonLibs\EN_Engine_Main.c">
      <Filter>Source Files\Engine</Filter>
    </ClCompile>
    <ClCompile Include="..\..\EngineCommonLibs\LV_Level.c">
      <Filter>Source Files\Engine</Filter>
    </ClCompile>
    <ClCompile Include="..\..\EngineCommonLibs\GR_Game_Render.c">
      <Filter>Source Files\Engine</Filter>
    </ClCompile>
    <ClCompile Include="..\..\EngineCommonLibs\TM_Timer.c">
      <Filter>Source Files\Engine</Filter>
    </ClCompile>
    <ClCompile Include="..\..\EngineCommonLibs\MA_Math.c">
      <Filter>Source Files\Engine</Filter>
    </ClCompile>
    <ClCompile Include="..\..\EngineCommonLibs\PL_Player.c">
      <Filter>Source Files\Engine</Filter>
    </ClCompile>
    <ClCompile Include="..\..\EngineCommonLibs\GR_Walls.c">
      <Filter>Source Files\Engine</Filter>
    </ClCompile>
    <ClCompile Include="..\..\EngineCommonLibs\GR_Distance_Shading.c">
      <Filter>Source Files\Engine</Filter>
    </ClCompile>
    <ClCompile Include="..\..\EngineCommonLibs\GR_Visible_Cells_List.c">
      <Filter>Source Files\Engine</Filter>
    </ClCompile>
    <ClCompile Include="..\..\EngineCommonLibs\GR_Flats.c">
      <Filter>Source Files\Engine</Filter>
    </ClCompile>
    <ClCompile Include="..\..\EngineCommonLibs\GR_Projection_Plane.c">
      <Filter>Source Files\Engine</Filter>
    </ClCompile>
  </ItemGroup>
  <ItemGroup>
    <Image Include="..\src\Raycaster_PC.ico">
      <Filter>Resource Files</Filter>
    </Image>
    <Image Include="..\src\small.ico">
      <Filter>Resource Files</Filter>
    </Image>
  </ItemGroup>
  <ItemGroup>
    <ResourceCompile Include="..\src\Raycaster_PC.rc">
      <Filter>Resource Files</Filter>
    </ResourceCompile>
  </ItemGroup>
</Project>